
Microsoft Visual Studio Solution File, Format Version 12.00
# Visual Studio Version 16
VisualStudioVersion = 16.0.30011.22
MinimumVisualStudioVersion = 10.0.40219.1
Project("{FAE04EC0-301F-11D3-BF4B-00C04F79EFBC}") = "LOYAZ", "LOYAZ\LOYAZ.csproj", "{3F509182-EBC8-47EF-8A70-CE73697502C8}"
EndProject
Global
	GlobalSection(SolutionConfigurationPlatforms) = preSolution
		Debug|Any CPU = Debug|Any CPU
		IQT|Any CPU = IQT|Any CPU
		Release|Any CPU = Release|Any CPU
	EndGlobalSection
	GlobalSection(ProjectConfigurationPlatforms) = postSolution
		{3F509182-EBC8-47EF-8A70-CE73697502C8}.Debug|Any CPU.ActiveCfg = Debug|Any CPU
		{3F509182-EBC8-47EF-8A70-CE73697502C8}.Debug|Any CPU.Build.0 = Debug|Any CPU
		{3F509182-EBC8-47EF-8A70-CE73697502C8}.IQT|Any CPU.ActiveCfg = IQT|Any CPU
		{3F509182-EBC8-47EF-8A70-CE73697502C8}.IQT|Any CPU.Build.0 = IQT|Any CPU
		{3F509182-EBC8-47EF-8A70-CE73697502C8}.Release|Any CPU.ActiveCfg = Release|Any CPU
		{3F509182-EBC8-47EF-8A70-CE73697502C8}.Release|Any CPU.Build.0 = Release|Any CPU
	EndGlobalSection
	GlobalSection(SolutionProperties) = preSolution
		HideSolutionNode = FALSE
	EndGlobalSection
	GlobalSection(ExtensibilityGlobals) = postSolution
		SolutionGuid = {14CE15A6-4545-4621-96FC-4CFA503CAEDC}
	EndGlobalSection
EndGlobal
